
Microsoft Visual Studio Solution File, Format Version 12.00
# Visual Studio Version 16
VisualStudioVersion = 16.0.30907.101
MinimumVisualStudioVersion = 10.0.40219.1
Project("{FAE04EC0-301F-11D3-BF4B-00C04F79EFBC}") = "WebApplication1", "WebApplication1\WebApplication1.csproj", "{FF41722D-15B7-46AD-AACB-91CB0DD96414}"
EndProject
Global
	GlobalSection(SolutionConfigurationPlatforms) = preSolution
		Debug|Any CPU = Debug|Any CPU
		Release|Any CPU = Release|Any CPU
	EndGlobalSection
	GlobalSection(ProjectConfigurationPlatforms) = postSolution
		{FF41722D-15B7-46AD-AACB-91CB0DD96414}.Debug|Any CPU.ActiveCfg = Debug|Any CPU
		{FF41722D-15B7-46AD-AACB-91CB0DD96414}.Debug|Any CPU.Build.0 = Debug|Any CPU
		{FF41722D-15B7-46AD-AACB-91CB0DD96414}.Release|Any CPU.ActiveCfg = Release|Any CPU
		{FF41722D-15B7-46AD-AACB-91CB0DD96414}.Release|Any CPU.Build.0 = Release|Any CPU
	EndGlobalSection
	GlobalSection(SolutionProperties) = preSolution
		HideSolutionNode = FALSE
	EndGlobalSection
	GlobalSection(ExtensibilityGlobals) = postSolution
		SolutionGuid = {9353C110-ED73-4F3D-8435-19969DF5411F}
	EndGlobalSection
EndGlobal
